
Microsoft Visual Studio Solution File, Format Version 12.00
# Visual Studio Version 16
VisualStudioVersion = 16.0.30406.217
MinimumVisualStudioVersion = 10.0.40219.1
Project("{FAE04EC0-301F-11D3-BF4B-00C04F79EFBC}") = "Matriz2", "Matriz2\Matriz2.csproj", "{23ABD65D-7EB6-4EF0-9082-C8F059DA4971}"
EndProject
Global
	GlobalSection(SolutionConfigurationPlatforms) = preSolution
		Debug|Any CPU = Debug|Any CPU
		Release|Any CPU = Release|Any CPU
	EndGlobalSection
	GlobalSection(ProjectConfigurationPlatforms) = postSolution
		{23ABD65D-7EB6-4EF0-9082-C8F059DA4971}.Debug|Any CPU.ActiveCfg = Debug|Any CPU
		{23ABD65D-7EB6-4EF0-9082-C8F059DA4971}.Debug|Any CPU.Build.0 = Debug|Any CPU
		{23ABD65D-7EB6-4EF0-9082-C8F059DA4971}.Release|Any CPU.ActiveCfg = Release|Any CPU
		{23ABD65D-7EB6-4EF0-9082-C8F059DA4971}.Release|Any CPU.Build.0 = Release|Any CPU
	EndGlobalSection
	GlobalSection(SolutionProperties) = preSolution
		HideSolutionNode = FALSE
	EndGlobalSection
	GlobalSection(ExtensibilityGlobals) = postSolution
		SolutionGuid = {8FACD645-5A36-4029-AE3E-4A637C0050C0}
	EndGlobalSection
EndGlobal
