
Microsoft Visual Studio Solution File, Format Version 12.00
# Visual Studio Version 16
VisualStudioVersion = 16.0.30406.217
MinimumVisualStudioVersion = 10.0.40219.1
Project("{FAE04EC0-301F-11D3-BF4B-00C04F79EFBC}") = "EjercicioLis3", "EjercicioLis3\EjercicioLis3.csproj", "{CF220611-CBD4-4580-9968-690D97E08E3B}"
EndProject
Global
	GlobalSection(SolutionConfigurationPlatforms) = preSolution
		Debug|Any CPU = Debug|Any CPU
		Release|Any CPU = Release|Any CPU
	EndGlobalSection
	GlobalSection(ProjectConfigurationPlatforms) = postSolution
		{CF220611-CBD4-4580-9968-690D97E08E3B}.Debug|Any CPU.ActiveCfg = Debug|Any CPU
		{CF220611-CBD4-4580-9968-690D97E08E3B}.Debug|Any CPU.Build.0 = Debug|Any CPU
		{CF220611-CBD4-4580-9968-690D97E08E3B}.Release|Any CPU.ActiveCfg = Release|Any CPU
		{CF220611-CBD4-4580-9968-690D97E08E3B}.Release|Any CPU.Build.0 = Release|Any CPU
	EndGlobalSection
	GlobalSection(SolutionProperties) = preSolution
		HideSolutionNode = FALSE
	EndGlobalSection
	GlobalSection(ExtensibilityGlobals) = postSolution
		SolutionGuid = {88AB19A4-D2B2-486F-AAC0-7846F13ED590}
	EndGlobalSection
EndGlobal
