
Microsoft Visual Studio Solution File, Format Version 12.00
# Visual Studio Version 16
VisualStudioVersion = 16.0.30413.136
MinimumVisualStudioVersion = 10.0.40219.1
Project("{FAE04EC0-301F-11D3-BF4B-00C04F79EFBC}") = "Ejercicio 9", "Ejercicio 9\Ejercicio 9.csproj", "{EF269263-330B-48F6-8D7E-3EE875A94588}"
EndProject
Global
	GlobalSection(SolutionConfigurationPlatforms) = preSolution
		Debug|Any CPU = Debug|Any CPU
		Release|Any CPU = Release|Any CPU
	EndGlobalSection
	GlobalSection(ProjectConfigurationPlatforms) = postSolution
		{EF269263-330B-48F6-8D7E-3EE875A94588}.Debug|Any CPU.ActiveCfg = Debug|Any CPU
		{EF269263-330B-48F6-8D7E-3EE875A94588}.Debug|Any CPU.Build.0 = Debug|Any CPU
		{EF269263-330B-48F6-8D7E-3EE875A94588}.Release|Any CPU.ActiveCfg = Release|Any CPU
		{EF269263-330B-48F6-8D7E-3EE875A94588}.Release|Any CPU.Build.0 = Release|Any CPU
	EndGlobalSection
	GlobalSection(SolutionProperties) = preSolution
		HideSolutionNode = FALSE
	EndGlobalSection
	GlobalSection(ExtensibilityGlobals) = postSolution
		SolutionGuid = {34D40144-DB95-44E4-A53C-3AE6C4ABD3A3}
	EndGlobalSection
EndGlobal
