
Microsoft Visual Studio Solution File, Format Version 12.00
# Visual Studio Version 16
VisualStudioVersion = 16.0.30413.136
MinimumVisualStudioVersion = 10.0.40219.1
Project("{FAE04EC0-301F-11D3-BF4B-00C04F79EFBC}") = "ejercicio3", "ejercicio3\ejercicio3.csproj", "{5604B6C0-D214-4DAB-B1AE-567FC7E5089B}"
EndProject
Global
	GlobalSection(SolutionConfigurationPlatforms) = preSolution
		Debug|Any CPU = Debug|Any CPU
		Release|Any CPU = Release|Any CPU
	EndGlobalSection
	GlobalSection(ProjectConfigurationPlatforms) = postSolution
		{5604B6C0-D214-4DAB-B1AE-567FC7E5089B}.Debug|Any CPU.ActiveCfg = Debug|Any CPU
		{5604B6C0-D214-4DAB-B1AE-567FC7E5089B}.Debug|Any CPU.Build.0 = Debug|Any CPU
		{5604B6C0-D214-4DAB-B1AE-567FC7E5089B}.Release|Any CPU.ActiveCfg = Release|Any CPU
		{5604B6C0-D214-4DAB-B1AE-567FC7E5089B}.Release|Any CPU.Build.0 = Release|Any CPU
	EndGlobalSection
	GlobalSection(SolutionProperties) = preSolution
		HideSolutionNode = FALSE
	EndGlobalSection
	GlobalSection(ExtensibilityGlobals) = postSolution
		SolutionGuid = {7969E1A8-71E1-48DA-BEF8-97B8D9AF5820}
	EndGlobalSection
EndGlobal
