
Microsoft Visual Studio Solution File, Format Version 12.00
# Visual Studio Version 16
VisualStudioVersion = 16.0.30413.136
MinimumVisualStudioVersion = 10.0.40219.1
Project("{FAE04EC0-301F-11D3-BF4B-00C04F79EFBC}") = "EjercicioCola10", "EjercicioCola10\EjercicioCola10.csproj", "{3EFF92CC-E5BF-4E12-8A1C-695B480BCB69}"
EndProject
Global
	GlobalSection(SolutionConfigurationPlatforms) = preSolution
		Debug|Any CPU = Debug|Any CPU
		Release|Any CPU = Release|Any CPU
	EndGlobalSection
	GlobalSection(ProjectConfigurationPlatforms) = postSolution
		{3EFF92CC-E5BF-4E12-8A1C-695B480BCB69}.Debug|Any CPU.ActiveCfg = Debug|Any CPU
		{3EFF92CC-E5BF-4E12-8A1C-695B480BCB69}.Debug|Any CPU.Build.0 = Debug|Any CPU
		{3EFF92CC-E5BF-4E12-8A1C-695B480BCB69}.Release|Any CPU.ActiveCfg = Release|Any CPU
		{3EFF92CC-E5BF-4E12-8A1C-695B480BCB69}.Release|Any CPU.Build.0 = Release|Any CPU
	EndGlobalSection
	GlobalSection(SolutionProperties) = preSolution
		HideSolutionNode = FALSE
	EndGlobalSection
	GlobalSection(ExtensibilityGlobals) = postSolution
		SolutionGuid = {1A46B20A-19ED-409E-82B7-E7AB7FB74039}
	EndGlobalSection
EndGlobal
