
Microsoft Visual Studio Solution File, Format Version 12.00
# Visual Studio Version 16
VisualStudioVersion = 16.0.30406.217
MinimumVisualStudioVersion = 10.0.40219.1
Project("{FAE04EC0-301F-11D3-BF4B-00C04F79EFBC}") = "Comision", "Comision\Comision.csproj", "{1F3D979B-059E-4C77-A5C6-A5811722EF40}"
EndProject
Global
	GlobalSection(SolutionConfigurationPlatforms) = preSolution
		Debug|Any CPU = Debug|Any CPU
		Release|Any CPU = Release|Any CPU
	EndGlobalSection
	GlobalSection(ProjectConfigurationPlatforms) = postSolution
		{1F3D979B-059E-4C77-A5C6-A5811722EF40}.Debug|Any CPU.ActiveCfg = Debug|Any CPU
		{1F3D979B-059E-4C77-A5C6-A5811722EF40}.Debug|Any CPU.Build.0 = Debug|Any CPU
		{1F3D979B-059E-4C77-A5C6-A5811722EF40}.Release|Any CPU.ActiveCfg = Release|Any CPU
		{1F3D979B-059E-4C77-A5C6-A5811722EF40}.Release|Any CPU.Build.0 = Release|Any CPU
	EndGlobalSection
	GlobalSection(SolutionProperties) = preSolution
		HideSolutionNode = FALSE
	EndGlobalSection
	GlobalSection(ExtensibilityGlobals) = postSolution
		SolutionGuid = {69B1BC1A-1C60-4F3B-9AA2-C4CE1B57B642}
	EndGlobalSection
EndGlobal
