
Microsoft Visual Studio Solution File, Format Version 12.00
# Visual Studio Version 16
VisualStudioVersion = 16.0.30413.136
MinimumVisualStudioVersion = 10.0.40219.1
Project("{FAE04EC0-301F-11D3-BF4B-00C04F79EFBC}") = "EjercicioCola8", "EjercicioCola8\EjercicioCola8.csproj", "{BD781BD7-CE83-49FE-82CF-9B96070DF100}"
EndProject
Global
	GlobalSection(SolutionConfigurationPlatforms) = preSolution
		Debug|Any CPU = Debug|Any CPU
		Release|Any CPU = Release|Any CPU
	EndGlobalSection
	GlobalSection(ProjectConfigurationPlatforms) = postSolution
		{BD781BD7-CE83-49FE-82CF-9B96070DF100}.Debug|Any CPU.ActiveCfg = Debug|Any CPU
		{BD781BD7-CE83-49FE-82CF-9B96070DF100}.Debug|Any CPU.Build.0 = Debug|Any CPU
		{BD781BD7-CE83-49FE-82CF-9B96070DF100}.Release|Any CPU.ActiveCfg = Release|Any CPU
		{BD781BD7-CE83-49FE-82CF-9B96070DF100}.Release|Any CPU.Build.0 = Release|Any CPU
	EndGlobalSection
	GlobalSection(SolutionProperties) = preSolution
		HideSolutionNode = FALSE
	EndGlobalSection
	GlobalSection(ExtensibilityGlobals) = postSolution
		SolutionGuid = {ED453B92-8C55-4B54-B23A-43746EB62DDF}
	EndGlobalSection
EndGlobal
